PODS:
  - BEMCheckBox (1.4.1)
  - Firebase/Auth (4.0.2):
    - Firebase/Core
    - FirebaseAuth (= 4.0.0)
  - Firebase/Core (4.0.2):
    - FirebaseAnalytics (= 4.0.1)
    - FirebaseCore (= 4.0.2)
  - Firebase/Database (4.0.2):
    - Firebase/Core
    - FirebaseDatabase (= 4.0.0)
  - Firebase/Storage (4.0.2):
    - Firebase/Core
    - FirebaseStorage (= 2.0.0)
  - FirebaseAnalytics (4.0.1):
    - FirebaseCore (~> 4.0)
    - FirebaseInstanceID (~> 2.0)
    - GoogleToolboxForMac/NSData+zlib (~> 2.1)
  - FirebaseAuth (4.0.0):
    - FirebaseAnalytics (~> 4.0)
    - GoogleToolboxForMac/NSDictionary+URLArguments (~> 2.1)
    - GTMSessionFetcher/Core (~> 1.1)
  - FirebaseCore (4.0.2):
    - GoogleToolboxForMac/NSData+zlib (~> 2.1)
  - FirebaseDatabase (4.0.0):
    - FirebaseAnalytics (~> 4.0)
  - FirebaseInstanceID (2.0.0):
    - FirebaseCore (~> 4.0)
  - FirebaseStorage (2.0.0):
    - FirebaseAnalytics (~> 4.0)
    - FirebaseCore (~> 4.0)
    - GTMSessionFetcher/Core (~> 1.1)
  - GoogleToolboxForMac/DebugUtils (2.1.1):
    - GoogleToolboxForMac/Defines (= 2.1.1)
  - GoogleToolboxForMac/Defines (2.1.1)
  - GoogleToolboxForMac/NSData+zlib (2.1.1):
    - GoogleToolboxForMac/Defines (= 2.1.1)
  - GoogleToolboxForMac/NSDictionary+URLArguments (2.1.1):
    - GoogleToolboxForMac/DebugUtils (= 2.1.1)
    - GoogleToolboxForMac/Defines (= 2.1.1)
    - GoogleToolboxForMac/NSString+URLArguments (= 2.1.1)
  - GoogleToolboxForMac/NSString+URLArguments (2.1.1)
  - GTMSessionFetcher/Core (1.1.10)
  - IQKeyboardManagerSwift (4.0.10)
  - MarqueeLabel/Swift (3.1.0)
  - Mixpanel-swift (2.1.8)
  - NotificationBannerSwift (1.4.0):
    - MarqueeLabel/Swift
    - SnapKit (~> 3.2)
  - PageControls (1.0.1):
    - PageControls/FilledPageControl (= 1.0.1)
    - PageControls/PillPageControl (= 1.0.1)
    - PageControls/ScrollingPageControl (= 1.0.1)
    - PageControls/SnakePageControl (= 1.0.1)
  - PageControls/FilledPageControl (1.0.1)
  - PageControls/PillPageControl (1.0.1)
  - PageControls/ScrollingPageControl (1.0.1)
  - PageControls/SnakePageControl (1.0.1)
  - paper-onboarding (2.0.1)
  - SnapKit (3.2.0)
  - TransitionAnimation (4.0.0):
    - TransitionTreasury (~> 4.0)
  - TransitionTreasury (4.0.0)

DEPENDENCIES:
  - BEMCheckBox
  - Firebase/Auth
  - Firebase/Core
  - Firebase/Database
  - Firebase/Storage
  - IQKeyboardManagerSwift
  - Mixpanel-swift
  - NotificationBannerSwift
  - PageControls
  - paper-onboarding (~> 2.0.1)
  - TransitionAnimation
  - TransitionTreasury

SPEC CHECKSUMS:
  BEMCheckBox: 5ba6e37ade3d3657b36caecc35c8b75c6c2b1a4e
  Firebase: c7ad0731eab26d18a3fc547dd048b0f7cd9c63ae
  FirebaseAnalytics: 4d7040fefc3cd8b291cde35f12cf063d7963f15d
  FirebaseAuth: ebb6abcbabae00fc47446d690c19ce68d8484fde
  FirebaseCore: 1a8bf6c795ad07d2918278657954ffd2552e9c17
  FirebaseDatabase: d829b3a8c3e2ac7a16773c5df226966b0805dfc2
  FirebaseInstanceID: 9fbf536668f4d3f0880e7438456dabd1376e294b
  FirebaseStorage: 8110a1ed2034c8fbfd83890d2acc9cdbbd99afec
  GoogleToolboxForMac: 8e329f1b599f2512c6b10676d45736bcc2cbbeb0
  GTMSessionFetcher: 30d874b96d0d76028f61fbd122801e3f030d47db
  IQKeyboardManagerSwift: 75ba21a23794a1e6b6fe6d9a267ea17f80e06771
  MarqueeLabel: 061d04687ee5485ac035b45c8e292274a87afe01
  Mixpanel-swift: 05695617653760d15d5aee1414f1ae7c336de1a2
  NotificationBannerSwift: b2a81c9f0f816851686ca2e802058afd65676adc
  PageControls: fc2436c93e79419521a6de5d46d84722593e2949
  paper-onboarding: a8e001214d9ce9decf78e160b3823f396dbd51ac
  SnapKit: 1ca44df72cfa543218d177cb8aab029d10d86ea7
  TransitionAnimation: c397b9ca41ab593b35b1e8f8673df17bae0db20a
  TransitionTreasury: dcf3fe6e5c740525d9e7d4544af45e6fbfd71c88

PODFILE CHECKSUM: f2699771c2491c53a72dbe587c6310fa282337c0

COCOAPODS: 1.2.0
