// !$*UTF8*$!
{
	archiveVersion = 1;
	classes = {
	};
	objectVersion = 46;
	objects = {

/* Begin PBXBuildFile section */
		33490D4BB53B662B792857EB /* Pods_Pact_iOS.framework in Frameworks */ = {isa = PBXBuildFile; fileRef = A7638FCF2FC80C84A5CC85AF /* Pods_Pact_iOS.framework */; };
		8106E6D41EB6BA7900A40F05 /* User.swift in Sources */ = {isa = PBXBuildFile; fileRef = 8106E6D31EB6BA7900A40F05 /* User.swift */; };
		810A950D1EB3EEDA00E5A4DD /* Project.swift in Sources */ = {isa = PBXBuildFile; fileRef = 810A950C1EB3EEDA00E5A4DD /* Project.swift */; };
		811B16AA1EB87F3E003589FB /* Color.swift in Sources */ = {isa = PBXBuildFile; fileRef = 811B16A91EB87F3E003589FB /* Color.swift */; };
		812CA78F1EB42D96002FD679 /* HealthKitUtil.swift in Sources */ = {isa = PBXBuildFile; fileRef = 812CA78C1EB42D96002FD679 /* HealthKitUtil.swift */; };
		812CA7901EB42D96002FD679 /* StorageUtil.swift in Sources */ = {isa = PBXBuildFile; fileRef = 812CA78D1EB42D96002FD679 /* StorageUtil.swift */; };
		812CA7911EB42D96002FD679 /* UserAccount.swift in Sources */ = {isa = PBXBuildFile; fileRef = 812CA78E1EB42D96002FD679 /* UserAccount.swift */; };
		812CA7931EB42EED002FD679 /* VCEnableHealth.swift in Sources */ = {isa = PBXBuildFile; fileRef = 812CA7921EB42EED002FD679 /* VCEnableHealth.swift */; };
		812CA7951EB441F6002FD679 /* GoogleService-Info.plist in Resources */ = {isa = PBXBuildFile; fileRef = 812CA7941EB441F6002FD679 /* GoogleService-Info.plist */; };
		813904D91EB7151600F35545 /* VCConfirm.swift in Sources */ = {isa = PBXBuildFile; fileRef = 813904D81EB7151600F35545 /* VCConfirm.swift */; };
		813BFB7D1EB45AAA00766E12 /* CustomView.xib in Resources */ = {isa = PBXBuildFile; fileRef = 813BFB7C1EB45AAA00766E12 /* CustomView.xib */; };
		813BFB7F1EB45AFC00766E12 /* VProject.swift in Sources */ = {isa = PBXBuildFile; fileRef = 813BFB7E1EB45AFC00766E12 /* VProject.swift */; };
		816F6EA91EB33AB30037E256 /* AppDelegate.swift in Sources */ = {isa = PBXBuildFile; fileRef = 816F6EA81EB33AB30037E256 /* AppDelegate.swift */; };
		816F6EAB1EB33AB30037E256 /* VCHome.swift in Sources */ = {isa = PBXBuildFile; fileRef = 816F6EAA1EB33AB30037E256 /* VCHome.swift */; };
		816F6EAE1EB33AB30037E256 /* Main.storyboard in Resources */ = {isa = PBXBuildFile; fileRef = 816F6EAC1EB33AB30037E256 /* Main.storyboard */; };
		816F6EB01EB33AB30037E256 /* Assets.xcassets in Resources */ = {isa = PBXBuildFile; fileRef = 816F6EAF1EB33AB30037E256 /* Assets.xcassets */; };
		816F6EB31EB33AB30037E256 /* LaunchScreen.storyboard in Resources */ = {isa = PBXBuildFile; fileRef = 816F6EB11EB33AB30037E256 /* LaunchScreen.storyboard */; };
		816F6EBD1EB33ACC0037E256 /* HealthKit.framework in Frameworks */ = {isa = PBXBuildFile; fileRef = 816F6EBC1EB33ACC0037E256 /* HealthKit.framework */; };
		816F6EC41EB36B3A0037E256 /* VCRegister.swift in Sources */ = {isa = PBXBuildFile; fileRef = 816F6EC31EB36B3A0037E256 /* VCRegister.swift */; };
		817D69C21EBC60BD00C45F62 /* VCProfile.swift in Sources */ = {isa = PBXBuildFile; fileRef = 817D69C11EBC60BD00C45F62 /* VCProfile.swift */; };
		818759971EBAA504002EAD58 /* JTSplashView.swift in Sources */ = {isa = PBXBuildFile; fileRef = 818759961EBAA504002EAD58 /* JTSplashView.swift */; };
		818759991EBAA851002EAD58 /* CountingLabel.swift in Sources */ = {isa = PBXBuildFile; fileRef = 818759981EBAA851002EAD58 /* CountingLabel.swift */; };
		818759BB1EBABBB4002EAD58 /* VRefresh.xib in Resources */ = {isa = PBXBuildFile; fileRef = 818759BA1EBABBB4002EAD58 /* VRefresh.xib */; };
		81C56EB71EB8121C009F2C3F /* IJProgressView.swift in Sources */ = {isa = PBXBuildFile; fileRef = 81C56EB61EB8121C009F2C3F /* IJProgressView.swift */; };
/* End PBXBuildFile section */

/* Begin PBXFileReference section */
		051E298E4852A6D5C77ACF8C /* Pods-Pact-iOS.debug.xcconfig */ = {isa = PBXFileReference; includeInIndex = 1; lastKnownFileType = text.xcconfig; name = "Pods-Pact-iOS.debug.xcconfig"; path = "Pods/Target Support Files/Pods-Pact-iOS/Pods-Pact-iOS.debug.xcconfig"; sourceTree = "<group>"; };
		8106E6D31EB6BA7900A40F05 /* User.swift */ = {isa = PBXFileReference; fileEncoding = 4; lastKnownFileType = sourcecode.swift; path = User.swift; sourceTree = "<group>"; };
		810A950C1EB3EEDA00E5A4DD /* Project.swift */ = {isa = PBXFileReference; fileEncoding = 4; lastKnownFileType = sourcecode.swift; path = Project.swift; sourceTree = "<group>"; };
		811B16A91EB87F3E003589FB /* Color.swift */ = {isa = PBXFileReference; fileEncoding = 4; lastKnownFileType = sourcecode.swift; path = Color.swift; sourceTree = "<group>"; };
		812CA78C1EB42D96002FD679 /* HealthKitUtil.swift */ = {isa = PBXFileReference; fileEncoding = 4; lastKnownFileType = sourcecode.swift; path = HealthKitUtil.swift; sourceTree = "<group>"; };
		812CA78D1EB42D96002FD679 /* StorageUtil.swift */ = {isa = PBXFileReference; fileEncoding = 4; lastKnownFileType = sourcecode.swift; path = StorageUtil.swift; sourceTree = "<group>"; };
		812CA78E1EB42D96002FD679 /* UserAccount.swift */ = {isa = PBXFileReference; fileEncoding = 4; lastKnownFileType = sourcecode.swift; path = UserAccount.swift; sourceTree = "<group>"; };
		812CA7921EB42EED002FD679 /* VCEnableHealth.swift */ = {isa = PBXFileReference; fileEncoding = 4; lastKnownFileType = sourcecode.swift; path = VCEnableHealth.swift; sourceTree = "<group>"; };
		812CA7941EB441F6002FD679 /* GoogleService-Info.plist */ = {isa = PBXFileReference; fileEncoding = 4; lastKnownFileType = text.plist.xml; path = "GoogleService-Info.plist"; sourceTree = "<group>"; };
		813904D81EB7151600F35545 /* VCConfirm.swift */ = {isa = PBXFileReference; fileEncoding = 4; lastKnownFileType = sourcecode.swift; path = VCConfirm.swift; sourceTree = "<group>"; };
		813BFB7C1EB45AAA00766E12 /* CustomView.xib */ = {isa = PBXFileReference; fileEncoding = 4; lastKnownFileType = file.xib; path = CustomView.xib; sourceTree = "<group>"; };
		813BFB7E1EB45AFC00766E12 /* VProject.swift */ = {isa = PBXFileReference; fileEncoding = 4; lastKnownFileType = sourcecode.swift; path = VProject.swift; sourceTree = "<group>"; };
		816F6EA51EB33AB30037E256 /* Pact-iOS.app */ = {isa = PBXFileReference; explicitFileType = wrapper.application; includeInIndex = 0; path = "Pact-iOS.app"; sourceTree = BUILT_PRODUCTS_DIR; };
		816F6EA81EB33AB30037E256 /* AppDelegate.swift */ = {isa = PBXFileReference; lastKnownFileType = sourcecode.swift; path = AppDelegate.swift; sourceTree = "<group>"; };
		816F6EAA1EB33AB30037E256 /* VCHome.swift */ = {isa = PBXFileReference; lastKnownFileType = sourcecode.swift; path = VCHome.swift; sourceTree = "<group>"; };
		816F6EAD1EB33AB30037E256 /* Base */ = {isa = PBXFileReference; lastKnownFileType = file.storyboard; name = Base; path = Base.lproj/Main.storyboard; sourceTree = "<group>"; };
		816F6EAF1EB33AB30037E256 /* Assets.xcassets */ = {isa = PBXFileReference; lastKnownFileType = folder.assetcatalog; path = Assets.xcassets; sourceTree = "<group>"; };
		816F6EB21EB33AB30037E256 /* Base */ = {isa = PBXFileReference; lastKnownFileType = file.storyboard; name = Base; path = Base.lproj/LaunchScreen.storyboard; sourceTree = "<group>"; };
		816F6EB41EB33AB30037E256 /* Info.plist */ = {isa = PBXFileReference; lastKnownFileType = text.plist.xml; path = Info.plist; sourceTree = "<group>"; };
		816F6EBA1EB33ACC0037E256 /* Pact-iOS.entitlements */ = {isa = PBXFileReference; lastKnownFileType = text.plist.entitlements; path = "Pact-iOS.entitlements"; sourceTree = "<group>"; };
		816F6EBC1EB33ACC0037E256 /* HealthKit.framework */ = {isa = PBXFileReference; lastKnownFileType = wrapper.framework; name = HealthKit.framework; path = System/Library/Frameworks/HealthKit.framework; sourceTree = SDKROOT; };
		816F6EC31EB36B3A0037E256 /* VCRegister.swift */ = {isa = PBXFileReference; fileEncoding = 4; lastKnownFileType = sourcecode.swift; path = VCRegister.swift; sourceTree = "<group>"; };
		817D69C11EBC60BD00C45F62 /* VCProfile.swift */ = {isa = PBXFileReference; fileEncoding = 4; lastKnownFileType = sourcecode.swift; path = VCProfile.swift; sourceTree = "<group>"; };
		818759961EBAA504002EAD58 /* JTSplashView.swift */ = {isa = PBXFileReference; fileEncoding = 4; lastKnownFileType = sourcecode.swift; path = JTSplashView.swift; sourceTree = "<group>"; };
		818759981EBAA851002EAD58 /* CountingLabel.swift */ = {isa = PBXFileReference; fileEncoding = 4; lastKnownFileType = sourcecode.swift; path = CountingLabel.swift; sourceTree = "<group>"; };
		818759BA1EBABBB4002EAD58 /* VRefresh.xib */ = {isa = PBXFileReference; fileEncoding = 4; lastKnownFileType = file.xib; path = VRefresh.xib; sourceTree = "<group>"; };
		81C56EB61EB8121C009F2C3F /* IJProgressView.swift */ = {isa = PBXFileReference; fileEncoding = 4; lastKnownFileType = sourcecode.swift; path = IJProgressView.swift; sourceTree = "<group>"; };
		A7638FCF2FC80C84A5CC85AF /* Pods_Pact_iOS.framework */ = {isa = PBXFileReference; explicitFileType = wrapper.framework; includeInIndex = 0; path = Pods_Pact_iOS.framework; sourceTree = BUILT_PRODUCTS_DIR; };
		D0725B20C10C428169AFAC92 /* Pods-Pact-iOS.release.xcconfig */ = {isa = PBXFileReference; includeInIndex = 1; lastKnownFileType = text.xcconfig; name = "Pods-Pact-iOS.release.xcconfig"; path = "Pods/Target Support Files/Pods-Pact-iOS/Pods-Pact-iOS.release.xcconfig"; sourceTree = "<group>"; };
/* End PBXFileReference section */

/* Begin PBXFrameworksBuildPhase section */
		816F6EA21EB33AB30037E256 /* Frameworks */ = {
			isa = PBXFrameworksBuildPhase;
			buildActionMask = 2147483647;
			files = (
				816F6EBD1EB33ACC0037E256 /* HealthKit.framework in Frameworks */,
				33490D4BB53B662B792857EB /* Pods_Pact_iOS.framework in Frameworks */,
			);
			runOnlyForDeploymentPostprocessing = 0;
		};
/* End PBXFrameworksBuildPhase section */

/* Begin PBXGroup section */
		2A5AA7789469C26062A1ED05 /* Pods */ = {
			isa = PBXGroup;
			children = (
				051E298E4852A6D5C77ACF8C /* Pods-Pact-iOS.debug.xcconfig */,
				D0725B20C10C428169AFAC92 /* Pods-Pact-iOS.release.xcconfig */,
			);
			name = Pods;
			sourceTree = "<group>";
		};
		812CA78B1EB42D79002FD679 /* Supporting Files */ = {
			isa = PBXGroup;
			children = (
				818759981EBAA851002EAD58 /* CountingLabel.swift */,
				81C56EB61EB8121C009F2C3F /* IJProgressView.swift */,
				818759961EBAA504002EAD58 /* JTSplashView.swift */,
				818759BA1EBABBB4002EAD58 /* VRefresh.xib */,
				813BFB7C1EB45AAA00766E12 /* CustomView.xib */,
				812CA78C1EB42D96002FD679 /* HealthKitUtil.swift */,
				816F6EA81EB33AB30037E256 /* AppDelegate.swift */,
				816F6EBA1EB33ACC0037E256 /* Pact-iOS.entitlements */,
				816F6EB41EB33AB30037E256 /* Info.plist */,
				816F6EAF1EB33AB30037E256 /* Assets.xcassets */,
				812CA7941EB441F6002FD679 /* GoogleService-Info.plist */,
				816F6EB11EB33AB30037E256 /* LaunchScreen.storyboard */,
			);
			name = "Supporting Files";
			sourceTree = "<group>";
		};
		816F6E9C1EB33AB30037E256 = {
			isa = PBXGroup;
			children = (
				816F6EA71EB33AB30037E256 /* Pact-iOS */,
				816F6EA61EB33AB30037E256 /* Products */,
				816F6EBB1EB33ACC0037E256 /* Frameworks */,
				2A5AA7789469C26062A1ED05 /* Pods */,
			);
			sourceTree = "<group>";
		};
		816F6EA61EB33AB30037E256 /* Products */ = {
			isa = PBXGroup;
			children = (
				816F6EA51EB33AB30037E256 /* Pact-iOS.app */,
			);
			name = Products;
			sourceTree = "<group>";
		};
		816F6EA71EB33AB30037E256 /* Pact-iOS */ = {
			isa = PBXGroup;
			children = (
				816F6EAC1EB33AB30037E256 /* Main.storyboard */,
				818759BC1EBABEE1002EAD58 /* Common */,
				816F6EC01EB36B0C0037E256 /* Model */,
				816F6EC11EB36B140037E256 /* Controller */,
				816F6EC21EB36B190037E256 /* View */,
				812CA78B1EB42D79002FD679 /* Supporting Files */,
			);
			path = "Pact-iOS";
			sourceTree = "<group>";
		};
		816F6EBB1EB33ACC0037E256 /* Frameworks */ = {
			isa = PBXGroup;
			children = (
				816F6EBC1EB33ACC0037E256 /* HealthKit.framework */,
				A7638FCF2FC80C84A5CC85AF /* Pods_Pact_iOS.framework */,
			);
			name = Frameworks;
			sourceTree = "<group>";
		};
		816F6EC01EB36B0C0037E256 /* Model */ = {
			isa = PBXGroup;
			children = (
				810A950C1EB3EEDA00E5A4DD /* Project.swift */,
				8106E6D31EB6BA7900A40F05 /* User.swift */,
			);
			name = Model;
			sourceTree = "<group>";
		};
		816F6EC11EB36B140037E256 /* Controller */ = {
			isa = PBXGroup;
			children = (
				816F6EAA1EB33AB30037E256 /* VCHome.swift */,
				816F6EC31EB36B3A0037E256 /* VCRegister.swift */,
				812CA7921EB42EED002FD679 /* VCEnableHealth.swift */,
				813904D81EB7151600F35545 /* VCConfirm.swift */,
				817D69C11EBC60BD00C45F62 /* VCProfile.swift */,
			);
			name = Controller;
			sourceTree = "<group>";
		};
		816F6EC21EB36B190037E256 /* View */ = {
			isa = PBXGroup;
			children = (
				813BFB7E1EB45AFC00766E12 /* VProject.swift */,
			);
			name = View;
			sourceTree = "<group>";
		};
		818759BC1EBABEE1002EAD58 /* Common */ = {
			isa = PBXGroup;
			children = (
				812CA78D1EB42D96002FD679 /* StorageUtil.swift */,
				812CA78E1EB42D96002FD679 /* UserAccount.swift */,
				811B16A91EB87F3E003589FB /* Color.swift */,
			);
			name = Common;
			sourceTree = "<group>";
		};
/* End PBXGroup section */

/* Begin PBXNativeTarget section */
		816F6EA41EB33AB30037E256 /* Pact-iOS */ = {
			isa = PBXNativeTarget;
			buildConfigurationList = 816F6EB71EB33AB30037E256 /* Build configuration list for PBXNativeTarget "Pact-iOS" */;
			buildPhases = (
				8A988714E53D860F96AEE56B /* [CP] Check Pods Manifest.lock */,
				816F6EA11EB33AB30037E256 /* Sources */,
				816F6EA21EB33AB30037E256 /* Frameworks */,
				816F6EA31EB33AB30037E256 /* Resources */,
				8C8285DD5A179CDB163A4DF6 /* [CP] Embed Pods Frameworks */,
				9100E7B3E2BB4FA00FB88B3C /* [CP] Copy Pods Resources */,
			);
			buildRules = (
			);
			dependencies = (
			);
			name = "Pact-iOS";
			productName = "Pact-iOS";
			productReference = 816F6EA51EB33AB30037E256 /* Pact-iOS.app */;
			productType = "com.apple.product-type.application";
		};
/* End PBXNativeTarget section */

/* Begin PBXProject section */
		816F6E9D1EB33AB30037E256 /* Project object */ = {
			isa = PBXProject;
			attributes = {
				LastSwiftUpdateCheck = 0830;
				LastUpgradeCheck = 0830;
				ORGANIZATIONNAME = matt;
				TargetAttributes = {
					816F6EA41EB33AB30037E256 = {
						CreatedOnToolsVersion = 8.3.1;
						DevelopmentTeam = NA985JN7DN;
						ProvisioningStyle = Automatic;
						SystemCapabilities = {
							com.apple.HealthKit = {
								enabled = 1;
							};
						};
					};
				};
			};
			buildConfigurationList = 816F6EA01EB33AB30037E256 /* Build configuration list for PBXProject "Pact-iOS" */;
			compatibilityVersion = "Xcode 3.2";
			developmentRegion = English;
			hasScannedForEncodings = 0;
			knownRegions = (
				en,
				Base,
			);
			mainGroup = 816F6E9C1EB33AB30037E256;
			productRefGroup = 816F6EA61EB33AB30037E256 /* Products */;
			projectDirPath = "";
			projectRoot = "";
			targets = (
				816F6EA41EB33AB30037E256 /* Pact-iOS */,
			);
		};
/* End PBXProject section */

/* Begin PBXResourcesBuildPhase section */
		816F6EA31EB33AB30037E256 /* Resources */ = {
			isa = PBXResourcesBuildPhase;
			buildActionMask = 2147483647;
			files = (
				818759BB1EBABBB4002EAD58 /* VRefresh.xib in Resources */,
				816F6EB31EB33AB30037E256 /* LaunchScreen.storyboard in Resources */,
				813BFB7D1EB45AAA00766E12 /* CustomView.xib in Resources */,
				812CA7951EB441F6002FD679 /* GoogleService-Info.plist in Resources */,
				816F6EB01EB33AB30037E256 /* Assets.xcassets in Resources */,
				816F6EAE1EB33AB30037E256 /* Main.storyboard in Resources */,
			);
			runOnlyForDeploymentPostprocessing = 0;
		};
/* End PBXResourcesBuildPhase section */

/* Begin PBXShellScriptBuildPhase section */
		8A988714E53D860F96AEE56B /* [CP] Check Pods Manifest.lock */ = {
			isa = PBXShellScriptBuildPhase;
			buildActionMask = 2147483647;
			files = (
			);
			inputPaths = (
			);
			name = "[CP] Check Pods Manifest.lock";
			outputPaths = (
			);
			runOnlyForDeploymentPostprocessing = 0;
			shellPath = /bin/sh;
			shellScript = "diff \"${PODS_ROOT}/../Podfile.lock\" \"${PODS_ROOT}/Manifest.lock\" > /dev/null\nif [ $? != 0 ] ; then\n    # print error to STDERR\n    echo \"error: The sandbox is not in sync with the Podfile.lock. Run 'pod install' or update your CocoaPods installation.\" >&2\n    exit 1\nfi\n";
			showEnvVarsInLog = 0;
		};
		8C8285DD5A179CDB163A4DF6 /* [CP] Embed Pods Frameworks */ = {
			isa = PBXShellScriptBuildPhase;
			buildActionMask = 2147483647;
			files = (
			);
			inputPaths = (
			);
			name = "[CP] Embed Pods Frameworks";
			outputPaths = (
			);
			runOnlyForDeploymentPostprocessing = 0;
			shellPath = /bin/sh;
			shellScript = "\"${SRCROOT}/Pods/Target Support Files/Pods-Pact-iOS/Pods-Pact-iOS-frameworks.sh\"\n";
			showEnvVarsInLog = 0;
		};
		9100E7B3E2BB4FA00FB88B3C /* [CP] Copy Pods Resources */ = {
			isa = PBXShellScriptBuildPhase;
			buildActionMask = 2147483647;
			files = (
			);
			inputPaths = (
			);
			name = "[CP] Copy Pods Resources";
			outputPaths = (
			);
			runOnlyForDeploymentPostprocessing = 0;
			shellPath = /bin/sh;
			shellScript = "\"${SRCROOT}/Pods/Target Support Files/Pods-Pact-iOS/Pods-Pact-iOS-resources.sh\"\n";
			showEnvVarsInLog = 0;
		};
/* End PBXShellScriptBuildPhase section */

/* Begin PBXSourcesBuildPhase section */
		816F6EA11EB33AB30037E256 /* Sources */ = {
			isa = PBXSourcesBuildPhase;
			buildActionMask = 2147483647;
			files = (
				812CA78F1EB42D96002FD679 /* HealthKitUtil.swift in Sources */,
				816F6EAB1EB33AB30037E256 /* VCHome.swift in Sources */,
				816F6EC41EB36B3A0037E256 /* VCRegister.swift in Sources */,
				816F6EA91EB33AB30037E256 /* AppDelegate.swift in Sources */,
				817D69C21EBC60BD00C45F62 /* VCProfile.swift in Sources */,
				811B16AA1EB87F3E003589FB /* Color.swift in Sources */,
				818759971EBAA504002EAD58 /* JTSplashView.swift in Sources */,
				810A950D1EB3EEDA00E5A4DD /* Project.swift in Sources */,
				813904D91EB7151600F35545 /* VCConfirm.swift in Sources */,
				81C56EB71EB8121C009F2C3F /* IJProgressView.swift in Sources */,
				812CA7931EB42EED002FD679 /* VCEnableHealth.swift in Sources */,
				818759991EBAA851002EAD58 /* CountingLabel.swift in Sources */,
				813BFB7F1EB45AFC00766E12 /* VProject.swift in Sources */,
				812CA7901EB42D96002FD679 /* StorageUtil.swift in Sources */,
				8106E6D41EB6BA7900A40F05 /* User.swift in Sources */,
				812CA7911EB42D96002FD679 /* UserAccount.swift in Sources */,
			);
			runOnlyForDeploymentPostprocessing = 0;
		};
/* End PBXSourcesBuildPhase section */

/* Begin PBXVariantGroup section */
		816F6EAC1EB33AB30037E256 /* Main.storyboard */ = {
			isa = PBXVariantGroup;
			children = (
				816F6EAD1EB33AB30037E256 /* Base */,
			);
			name = Main.storyboard;
			sourceTree = "<group>";
		};
		816F6EB11EB33AB30037E256 /* LaunchScreen.storyboard */ = {
			isa = PBXVariantGroup;
			children = (
				816F6EB21EB33AB30037E256 /* Base */,
			);
			name = LaunchScreen.storyboard;
			sourceTree = "<group>";
		};
/* End PBXVariantGroup section */

/* Begin XCBuildConfiguration section */
		816F6EB51EB33AB30037E256 /* Debug */ = {
			isa = XCBuildConfiguration;
			buildSettings = {
				ALWAYS_SEARCH_USER_PATHS = NO;
				CLANG_ANALYZER_NONNULL = YES;
				CLANG_ANALYZER_NUMBER_OBJECT_CONVERSION = YES_AGGRESSIVE;
				CLANG_CXX_LANGUAGE_STANDARD = "gnu++0x";
				CLANG_CXX_LIBRARY = "libc++";
				CLANG_ENABLE_MODULES = YES;
				CLANG_ENABLE_OBJC_ARC = YES;
				CLANG_WARN_BOOL_CONVERSION = YES;
				CLANG_WARN_CONSTANT_CONVERSION = YES;
				CLANG_WARN_DIRECT_OBJC_ISA_USAGE = YES_ERROR;
				CLANG_WARN_DOCUMENTATION_COMMENTS = YES;
				CLANG_WARN_EMPTY_BODY = YES;
				CLANG_WARN_ENUM_CONVERSION = YES;
				CLANG_WARN_INFINITE_RECURSION = YES;
				CLANG_WARN_INT_CONVERSION = YES;
				CLANG_WARN_OBJC_ROOT_CLASS = YES_ERROR;
				CLANG_WARN_SUSPICIOUS_MOVE = YES;
				CLANG_WARN_UNREACHABLE_CODE = YES;
				CLANG_WARN__DUPLICATE_METHOD_MATCH = YES;
				"CODE_SIGN_IDENTITY[sdk=iphoneos*]" = "iPhone Developer";
				COPY_PHASE_STRIP = NO;
				DEBUG_INFORMATION_FORMAT = dwarf;
				ENABLE_STRICT_OBJC_MSGSEND = YES;
				ENABLE_TESTABILITY = YES;
				GCC_C_LANGUAGE_STANDARD = gnu99;
				GCC_DYNAMIC_NO_PIC = NO;
				GCC_NO_COMMON_BLOCKS = YES;
				GCC_OPTIMIZATION_LEVEL = 0;
				GCC_PREPROCESSOR_DEFINITIONS = (
					"DEBUG=1",
					"$(inherited)",
				);
				GCC_WARN_64_TO_32_BIT_CONVERSION = YES;
				GCC_WARN_ABOUT_RETURN_TYPE = YES_ERROR;
				GCC_WARN_UNDECLARED_SELECTOR = YES;
				GCC_WARN_UNINITIALIZED_AUTOS = YES_AGGRESSIVE;
				GCC_WARN_UNUSED_FUNCTION = YES;
				GCC_WARN_UNUSED_VARIABLE = YES;
				IPHONEOS_DEPLOYMENT_TARGET = 10.3;
				MTL_ENABLE_DEBUG_INFO = YES;
				ONLY_ACTIVE_ARCH = YES;
				SDKROOT = iphoneos;
				SWIFT_ACTIVE_COMPILATION_CONDITIONS = DEBUG;
				SWIFT_OPTIMIZATION_LEVEL = "-Onone";
			};
			name = Debug;
		};
		816F6EB61EB33AB30037E256 /* Release */ = {
			isa = XCBuildConfiguration;
			buildSettings = {
				ALWAYS_SEARCH_USER_PATHS = NO;
				CLANG_ANALYZER_NONNULL = YES;
				CLANG_ANALYZER_NUMBER_OBJECT_CONVERSION = YES_AGGRESSIVE;
				CLANG_CXX_LANGUAGE_STANDARD = "gnu++0x";
				CLANG_CXX_LIBRARY = "libc++";
				CLANG_ENABLE_MODULES = YES;
				CLANG_ENABLE_OBJC_ARC = YES;
				CLANG_WARN_BOOL_CONVERSION = YES;
				CLANG_WARN_CONSTANT_CONVERSION = YES;
				CLANG_WARN_DIRECT_OBJC_ISA_USAGE = YES_ERROR;
				CLANG_WARN_DOCUMENTATION_COMMENTS = YES;
				CLANG_WARN_EMPTY_BODY = YES;
				CLANG_WARN_ENUM_CONVERSION = YES;
				CLANG_WARN_INFINITE_RECURSION = YES;
				CLANG_WARN_INT_CONVERSION = YES;
				CLANG_WARN_OBJC_ROOT_CLASS = YES_ERROR;
				CLANG_WARN_SUSPICIOUS_MOVE = YES;
				CLANG_WARN_UNREACHABLE_CODE = YES;
				CLANG_WARN__DUPLICATE_METHOD_MATCH = YES;
				"CODE_SIGN_IDENTITY[sdk=iphoneos*]" = "iPhone Developer";
				COPY_PHASE_STRIP = NO;
				DEBUG_INFORMATION_FORMAT = "dwarf-with-dsym";
				ENABLE_NS_ASSERTIONS = NO;
				ENABLE_STRICT_OBJC_MSGSEND = YES;
				GCC_C_LANGUAGE_STANDARD = gnu99;
				GCC_NO_COMMON_BLOCKS = YES;
				GCC_WARN_64_TO_32_BIT_CONVERSION = YES;
				GCC_WARN_ABOUT_RETURN_TYPE = YES_ERROR;
				GCC_WARN_UNDECLARED_SELECTOR = YES;
				GCC_WARN_UNINITIALIZED_AUTOS = YES_AGGRESSIVE;
				GCC_WARN_UNUSED_FUNCTION = YES;
				GCC_WARN_UNUSED_VARIABLE = YES;
				IPHONEOS_DEPLOYMENT_TARGET = 10.3;
				MTL_ENABLE_DEBUG_INFO = NO;
				SDKROOT = iphoneos;
				SWIFT_OPTIMIZATION_LEVEL = "-Owholemodule";
				VALIDATE_PRODUCT = YES;
			};
			name = Release;
		};
		816F6EB81EB33AB30037E256 /* Debug */ = {
			isa = XCBuildConfiguration;
			baseConfigurationReference = 051E298E4852A6D5C77ACF8C /* Pods-Pact-iOS.debug.xcconfig */;
			buildSettings = {
				ASSETCATALOG_COMPILER_APPICON_NAME = AppIcon;
				CODE_SIGN_ENTITLEMENTS = "Pact-iOS/Pact-iOS.entitlements";
				DEVELOPMENT_TEAM = NA985JN7DN;
				INFOPLIST_FILE = "Pact-iOS/Info.plist";
				LD_RUNPATH_SEARCH_PATHS = "$(inherited) @executable_path/Frameworks";
				PRODUCT_BUNDLE_IDENTIFIER = "com.joinpact.Pact-iOS";
				PRODUCT_NAME = "$(TARGET_NAME)";
				SWIFT_VERSION = 3.0;
			};
			name = Debug;
		};
		816F6EB91EB33AB30037E256 /* Release */ = {
			isa = XCBuildConfiguration;
			baseConfigurationReference = D0725B20C10C428169AFAC92 /* Pods-Pact-iOS.release.xcconfig */;
			buildSettings = {
				ASSETCATALOG_COMPILER_APPICON_NAME = AppIcon;
				CODE_SIGN_ENTITLEMENTS = "Pact-iOS/Pact-iOS.entitlements";
				DEVELOPMENT_TEAM = NA985JN7DN;
				INFOPLIST_FILE = "Pact-iOS/Info.plist";
				LD_RUNPATH_SEARCH_PATHS = "$(inherited) @executable_path/Frameworks";
				PRODUCT_BUNDLE_IDENTIFIER = "com.joinpact.Pact-iOS";
				PRODUCT_NAME = "$(TARGET_NAME)";
				SWIFT_VERSION = 3.0;
			};
			name = Release;
		};
/* End XCBuildConfiguration section */

/* Begin XCConfigurationList section */
		816F6EA01EB33AB30037E256 /* Build configuration list for PBXProject "Pact-iOS" */ = {
			isa = XCConfigurationList;
			buildConfigurations = (
				816F6EB51EB33AB30037E256 /* Debug */,
				816F6EB61EB33AB30037E256 /* Release */,
			);
			defaultConfigurationIsVisible = 0;
			defaultConfigurationName = Release;
		};
		816F6EB71EB33AB30037E256 /* Build configuration list for PBXNativeTarget "Pact-iOS" */ = {
			isa = XCConfigurationList;
			buildConfigurations = (
				816F6EB81EB33AB30037E256 /* Debug */,
				816F6EB91EB33AB30037E256 /* Release */,
			);
			defaultConfigurationIsVisible = 0;
			defaultConfigurationName = Release;
		};
/* End XCConfigurationList section */
	};
	rootObject = 816F6E9D1EB33AB30037E256 /* Project object */;
}
